
Microsoft Visual Studio Solution File, Format Version 12.00
# Visual Studio Version 17
VisualStudioVersion = 17.7.34031.279
MinimumVisualStudioVersion = 10.0.40219.1
Project("{FAE04EC0-301F-11D3-BF4B-00C04F79EFBC}") = "WebServicesSOAP", "WebServicesSOAP\WebServicesSOAP.csproj", "{247D1CF4-55C0-4DDA-BFF3-941C8DA8C9A3}"
EndProject
Project("{FAE04EC0-301F-11D3-BF4B-00C04F79EFBC}") = "CapaDatos", "CapaDatos\CapaDatos.csproj", "{06C32591-BA8C-4C75-BE4C-A4F9AD7D2F2C}"
EndProject
Project("{FAE04EC0-301F-11D3-BF4B-00C04F79EFBC}") = "CapaLogicaNegocio", "CapaLogicaNegocio\CapaLogicaNegocio.csproj", "{45471E14-3F4F-40DA-BCE5-0A5FBFF80288}"
EndProject
Project("{FAE04EC0-301F-11D3-BF4B-00C04F79EFBC}") = "CapaModelos", "CapaModelos\CapaModelos.csproj", "{F1D8B00D-73A3-4392-939F-D7DF1310DA5A}"
EndProject
Project("{FAE04EC0-301F-11D3-BF4B-00C04F79EFBC}") = "WebApp", "WebApp\WebApp.csproj", "{B6E36CB7-D3AB-4180-9601-6DEDB14B0109}"
EndProject
Global
	GlobalSection(SolutionConfigurationPlatforms) = preSolution
		Debug|Any CPU = Debug|Any CPU
		Release|Any CPU = Release|Any CPU
	EndGlobalSection
	GlobalSection(ProjectConfigurationPlatforms) = postSolution
		{247D1CF4-55C0-4DDA-BFF3-941C8DA8C9A3}.Debug|Any CPU.ActiveCfg = Debug|Any CPU
		{247D1CF4-55C0-4DDA-BFF3-941C8DA8C9A3}.Debug|Any CPU.Build.0 = Debug|Any CPU
		{247D1CF4-55C0-4DDA-BFF3-941C8DA8C9A3}.Release|Any CPU.ActiveCfg = Release|Any CPU
		{247D1CF4-55C0-4DDA-BFF3-941C8DA8C9A3}.Release|Any CPU.Build.0 = Release|Any CPU
		{06C32591-BA8C-4C75-BE4C-A4F9AD7D2F2C}.Debug|Any CPU.ActiveCfg = Debug|Any CPU
		{06C32591-BA8C-4C75-BE4C-A4F9AD7D2F2C}.Debug|Any CPU.Build.0 = Debug|Any CPU
		{06C32591-BA8C-4C75-BE4C-A4F9AD7D2F2C}.Release|Any CPU.ActiveCfg = Release|Any CPU
		{06C32591-BA8C-4C75-BE4C-A4F9AD7D2F2C}.Release|Any CPU.Build.0 = Release|Any CPU
		{45471E14-3F4F-40DA-BCE5-0A5FBFF80288}.Debug|Any CPU.ActiveCfg = Debug|Any CPU
		{45471E14-3F4F-40DA-BCE5-0A5FBFF80288}.Debug|Any CPU.Build.0 = Debug|Any CPU
		{45471E14-3F4F-40DA-BCE5-0A5FBFF80288}.Release|Any CPU.ActiveCfg = Release|Any CPU
		{45471E14-3F4F-40DA-BCE5-0A5FBFF80288}.Release|Any CPU.Build.0 = Release|Any CPU
		{F1D8B00D-73A3-4392-939F-D7DF1310DA5A}.Debug|Any CPU.ActiveCfg = Debug|Any CPU
		{F1D8B00D-73A3-4392-939F-D7DF1310DA5A}.Debug|Any CPU.Build.0 = Debug|Any CPU
		{F1D8B00D-73A3-4392-939F-D7DF1310DA5A}.Release|Any CPU.ActiveCfg = Release|Any CPU
		{F1D8B00D-73A3-4392-939F-D7DF1310DA5A}.Release|Any CPU.Build.0 = Release|Any CPU
		{B6E36CB7-D3AB-4180-9601-6DEDB14B0109}.Debug|Any CPU.ActiveCfg = Debug|Any CPU
		{B6E36CB7-D3AB-4180-9601-6DEDB14B0109}.Debug|Any CPU.Build.0 = Debug|Any CPU
		{B6E36CB7-D3AB-4180-9601-6DEDB14B0109}.Release|Any CPU.ActiveCfg = Release|Any CPU
		{B6E36CB7-D3AB-4180-9601-6DEDB14B0109}.Release|Any CPU.Build.0 = Release|Any CPU
	EndGlobalSection
	GlobalSection(SolutionProperties) = preSolution
		HideSolutionNode = FALSE
	EndGlobalSection
	GlobalSection(ExtensibilityGlobals) = postSolution
		SolutionGuid = {BCF760B6-D0AD-4461-A69C-793ED0693BA2}
	EndGlobalSection
EndGlobal
